
Microsoft Visual Studio Solution File, Format Version 12.00
# Visual Studio Version 17
VisualStudioVersion = 17.3.32825.248
MinimumVisualStudioVersion = 10.0.40219.1
Project("{FAE04EC0-301F-11D3-BF4B-00C04F79EFBC}") = "Ruleta", "Ruleta\Ruleta.csproj", "{57ABDF87-D763-451A-B08D-A233F4524D6C}"
EndProject
Global
	GlobalSection(SolutionConfigurationPlatforms) = preSolution
		Debug|Any CPU = Debug|Any CPU
		Release|Any CPU = Release|Any CPU
	EndGlobalSection
	GlobalSection(ProjectConfigurationPlatforms) = postSolution
		{57ABDF87-D763-451A-B08D-A233F4524D6C}.Debug|Any CPU.ActiveCfg = Debug|Any CPU
		{57ABDF87-D763-451A-B08D-A233F4524D6C}.Debug|Any CPU.Build.0 = Debug|Any CPU
		{57ABDF87-D763-451A-B08D-A233F4524D6C}.Release|Any CPU.ActiveCfg = Release|Any CPU
		{57ABDF87-D763-451A-B08D-A233F4524D6C}.Release|Any CPU.Build.0 = Release|Any CPU
	EndGlobalSection
	GlobalSection(SolutionProperties) = preSolution
		HideSolutionNode = FALSE
	EndGlobalSection
	GlobalSection(ExtensibilityGlobals) = postSolution
		SolutionGuid = {33B410D9-A63F-466D-812E-32CAD7405AC7}
	EndGlobalSection
EndGlobal
